{
  "name": "@rowanmanning/adventofcode-2023",
  "version": "0.0.0",
  "lockfileVersion": 3,
  "requires": true,
  "packages": {
    "": {
      "name": "@rowanmanning/adventofcode-2023",
      "version": "0.0.0",
      "workspaces": [
        "packages/*",
        "solutions/*"
      ],
      "devDependencies": {
        "@biomejs/biome": "1.4.1",
        "@types/node": "^20.10.2",
        "typescript": "^5.3.2"
      },
      "engines": {
        "node": "20.x",
        "npm": "10.x"
      }
    },
    "node_modules/@biomejs/biome": {
      "version": "1.4.1",
      "resolved": "https://registry.npmjs.org/@biomejs/biome/-/biome-1.4.1.tgz",
      "integrity": "sha512-JccVAwPbhi37pdxbAGmaOBjUTKEwEjWAhl7rKkVVuXHo4MLASXJ5HR8BTgrImi4/7rTBsGz1tgVD1Kwv1CHGRg==",
      "dev": true,
      "hasInstallScript": true,
      "bin": {
        "biome": "bin/biome"
      },
      "engines": {
        "node": ">=14.*"
      },
      "funding": {
        "type": "opencollective",
        "url": "https://opencollective.com/biome"
      },
      "optionalDependencies": {
        "@biomejs/cli-darwin-arm64": "1.4.1",
        "@biomejs/cli-darwin-x64": "1.4.1",
        "@biomejs/cli-linux-arm64": "1.4.1",
        "@biomejs/cli-linux-x64": "1.4.1",
        "@biomejs/cli-win32-arm64": "1.4.1",
        "@biomejs/cli-win32-x64": "1.4.1"
      }
    },
    "node_modules/@biomejs/cli-darwin-arm64": {
      "version": "1.4.1",
      "resolved": "https://registry.npmjs.org/@biomejs/cli-darwin-arm64/-/cli-darwin-arm64-1.4.1.tgz",
      "integrity": "sha512-PZWy2Idndqux38p6AXSDQM2ldRAWi32bvb7bMbTN0ALzpWYMYnxd71ornatumSSJYoNhKmxzDLq+jct7nZJ79w==",
      "cpu": [
        "arm64"
      ],
      "dev": true,
      "optional": true,
      "os": [
        "darwin"
      ],
      "engines": {
        "node": ">=14.*"
      }
    },
    "node_modules/@biomejs/cli-darwin-x64": {
      "version": "1.4.1",
      "resolved": "https://registry.npmjs.org/@biomejs/cli-darwin-x64/-/cli-darwin-x64-1.4.1.tgz",
      "integrity": "sha512-soj3BWhnsM1M2JlzR09cibUzG1owJqetwj/Oo7yg0foijo9lNH9XWXZfJBYDKgW/6Fomn+CC2EcUS+hisQzt9g==",
      "cpu": [
        "x64"
      ],
      "dev": true,
      "optional": true,
      "os": [
        "darwin"
      ],
      "engines": {
        "node": ">=14.*"
      }
    },
    "node_modules/@biomejs/cli-linux-arm64": {
      "version": "1.4.1",
      "resolved": "https://registry.npmjs.org/@biomejs/cli-linux-arm64/-/cli-linux-arm64-1.4.1.tgz",
      "integrity": "sha512-YIZqfJUg4F+fPsBTXxgD7EU2E5OAYbmYSl/snf4PevwfQCWE/omOFZv+NnIQmjYj9I7ParDgcJvanoA3/kO0JQ==",
      "cpu": [
        "arm64"
      ],
      "dev": true,
      "optional": true,
      "os": [
        "linux"
      ],
      "engines": {
        "node": ">=14.*"
      }
    },
    "node_modules/@biomejs/cli-linux-x64": {
      "version": "1.4.1",
      "resolved": "https://registry.npmjs.org/@biomejs/cli-linux-x64/-/cli-linux-x64-1.4.1.tgz",
      "integrity": "sha512-9YOZw3qBd/KUj63A6Hn2zZgzGb2nbESM0qNmeMXgmqinVKM//uc4OgY5TuKITuGjMSvcVxxd4dX1IzYjV9qvNQ==",
      "cpu": [
        "x64"
      ],
      "dev": true,
      "optional": true,
      "os": [
        "linux"
      ],
      "engines": {
        "node": ">=14.*"
      }
    },
    "node_modules/@biomejs/cli-win32-arm64": {
      "version": "1.4.1",
      "resolved": "https://registry.npmjs.org/@biomejs/cli-win32-arm64/-/cli-win32-arm64-1.4.1.tgz",
      "integrity": "sha512-nWQbvkNKxYn/kCQ0yVF8kCaS3VzaGvtFSmItXiMknU4521LDjJ7tNWH12Gol+pIslrCbd4E1LhJa0a3ThRsBVg==",
      "cpu": [
        "arm64"
      ],
      "dev": true,
      "optional": true,
      "os": [
        "win32"
      ],
      "engines": {
        "node": ">=14.*"
      }
    },
    "node_modules/@biomejs/cli-win32-x64": {
      "version": "1.4.1",
      "resolved": "https://registry.npmjs.org/@biomejs/cli-win32-x64/-/cli-win32-x64-1.4.1.tgz",
      "integrity": "sha512-88fR2CQxQ4YLs2BUDuywWYQpUKgU3A3sTezANFc/4LGKQFFLV2yX+F7QAdZVkMHfA+RD9Xg178HomM/6mnTNPA==",
      "cpu": [
        "x64"
      ],
      "dev": true,
      "optional": true,
      "os": [
        "win32"
      ],
      "engines": {
        "node": ">=14.*"
      }
    },
    "node_modules/@rowanmanning/adventofcode-2023-day-00": {
      "resolved": "solutions/day-00",
      "link": true
    },
    "node_modules/@rowanmanning/adventofcode-2023-day-01": {
      "resolved": "solutions/day-01",
      "link": true
    },
    "node_modules/@rowanmanning/adventofcode-2023-day-02": {
      "resolved": "solutions/day-02",
      "link": true
    },
    "node_modules/@rowanmanning/adventofcode-2023-day-03": {
      "resolved": "solutions/day-03",
      "link": true
    },
    "node_modules/@rowanmanning/adventofcode-2023-day-04": {
      "resolved": "solutions/day-04",
      "link": true
    },
    "node_modules/@rowanmanning/adventofcode-2023-day-05": {
      "resolved": "solutions/day-05",
      "link": true
    },
    "node_modules/@rowanmanning/adventofcode-2023-day-06": {
      "resolved": "solutions/day-06",
      "link": true
    },
    "node_modules/@rowanmanning/adventofcode-2023-day-07": {
      "resolved": "solutions/day-07",
      "link": true
    },
    "node_modules/@rowanmanning/adventofcode-2023-day-08": {
      "resolved": "solutions/day-08",
      "link": true
    },
    "node_modules/@rowanmanning/adventofcode-2023-day-09": {
      "resolved": "solutions/day-09",
      "link": true
    },
    "node_modules/@rowanmanning/adventofcode-2023-day-10": {
      "resolved": "solutions/day-10",
      "link": true
    },
    "node_modules/@rowanmanning/adventofcode-array": {
      "resolved": "packages/array",
      "link": true
    },
    "node_modules/@rowanmanning/adventofcode-input-parsing": {
      "resolved": "packages/input-parsing",
      "link": true
    },
    "node_modules/@rowanmanning/adventofcode-math": {
      "resolved": "packages/math",
      "link": true
    },
    "node_modules/@rowanmanning/adventofcode-object": {
      "resolved": "packages/object",
      "link": true
    },
    "node_modules/@rowanmanning/adventofcode-string": {
      "resolved": "packages/string",
      "link": true
    },
    "node_modules/@types/node": {
      "version": "20.10.2",
      "dev": true,
      "license": "MIT",
      "dependencies": {
        "undici-types": "~5.26.4"
      }
    },
    "node_modules/typescript": {
      "version": "5.3.2",
      "dev": true,
      "license": "Apache-2.0",
      "bin": {
        "tsc": "bin/tsc",
        "tsserver": "bin/tsserver"
      },
      "engines": {
        "node": ">=14.17"
      }
    },
    "node_modules/undici-types": {
      "version": "5.26.5",
      "dev": true,
      "license": "MIT"
    },
    "packages/array": {
      "name": "@rowanmanning/adventofcode-array",
      "version": "0.0.0"
    },
    "packages/input-parsing": {
      "name": "@rowanmanning/adventofcode-input-parsing",
      "version": "0.0.0"
    },
    "packages/math": {
      "name": "@rowanmanning/adventofcode-math",
      "version": "0.0.0"
    },
    "packages/object": {
      "name": "@rowanmanning/adventofcode-object",
      "version": "0.0.0"
    },
    "packages/string": {
      "name": "@rowanmanning/adventofcode-string",
      "version": "0.0.0"
    },
    "solutions/day-00": {
      "name": "@rowanmanning/adventofcode-2023-day-00",
      "version": "0.0.0"
    },
    "solutions/day-01": {
      "name": "@rowanmanning/adventofcode-2023-day-01",
      "version": "0.0.0"
    },
    "solutions/day-02": {
      "name": "@rowanmanning/adventofcode-2023-day-02",
      "version": "0.0.0"
    },
    "solutions/day-03": {
      "name": "@rowanmanning/adventofcode-2023-day-03",
      "version": "0.0.0"
    },
    "solutions/day-04": {
      "name": "@rowanmanning/adventofcode-2023-day-04",
      "version": "0.0.0"
    },
    "solutions/day-05": {
      "name": "@rowanmanning/adventofcode-2023-day-05",
      "version": "0.0.0"
    },
    "solutions/day-06": {
      "name": "@rowanmanning/adventofcode-2023-day-06",
      "version": "0.0.0"
    },
    "solutions/day-07": {
      "name": "@rowanmanning/adventofcode-2023-day-07",
      "version": "0.0.0"
    },
    "solutions/day-08": {
      "name": "@rowanmanning/adventofcode-2023-day-08",
      "version": "0.0.0"
    },
    "solutions/day-09": {
      "name": "@rowanmanning/adventofcode-2023-day-09",
      "version": "0.0.0"
    },
    "solutions/day-10": {
      "name": "@rowanmanning/adventofcode-2023-day-10",
      "version": "0.0.0"
    }
  }
}
